
Microsoft Visual Studio Solution File, Format Version 12.00
# Visual Studio 2012
Project("{FAE04EC0-301F-11D3-BF4B-00C04F79EFBC}") = "ClientUI", "ClientUI\ClientUI.csproj", "{A26084A9-67DC-425C-BD89-1DADC973555B}"
EndProject
Project("{FAE04EC0-301F-11D3-BF4B-00C04F79EFBC}") = "ServerUI", "ServerUI\ServerUI.csproj", "{E25E3BFA-398D-4113-AF57-EEAFFC58A3BA}"
EndProject
Project("{FAE04EC0-301F-11D3-BF4B-00C04F79EFBC}") = "Protocols", "Protocols\Protocols.csproj", "{BDFEA8E0-79F9-4F86-9711-FC1D9DB97EDF}"
EndProject
Project("{FAE04EC0-301F-11D3-BF4B-00C04F79EFBC}") = "ClientLogic", "Client\ClientLogic.csproj", "{3395FE23-DB6A-440F-A0C8-CB5B39E63500}"
EndProject
Project("{FAE04EC0-301F-11D3-BF4B-00C04F79EFBC}") = "ServerLogic", "Server\ServerLogic.csproj", "{FDABE66D-5ABA-409A-9F9A-9657394C4862}"
EndProject
Project("{FAE04EC0-301F-11D3-BF4B-00C04F79EFBC}") = "DataAccessLayer", "DataAccessLayer\DataAccessLayer.csproj", "{C70FEDAD-DC6C-4B04-9769-D79E7F3DD8F7}"
EndProject
Project("{FAE04EC0-301F-11D3-BF4B-00C04F79EFBC}") = "BusinessLogic", "BusinessLogic\BusinessLogic.csproj", "{02912805-0750-4150-93F0-327302A9EFBF}"
EndProject
Global
	GlobalSection(SolutionConfigurationPlatforms) = preSolution
		Debug|Any CPU = Debug|Any CPU
		Release|Any CPU = Release|Any CPU
	EndGlobalSection
	GlobalSection(ProjectConfigurationPlatforms) = postSolution
		{A26084A9-67DC-425C-BD89-1DADC973555B}.Debug|Any CPU.ActiveCfg = Debug|Any CPU
		{A26084A9-67DC-425C-BD89-1DADC973555B}.Debug|Any CPU.Build.0 = Debug|Any CPU
		{A26084A9-67DC-425C-BD89-1DADC973555B}.Release|Any CPU.ActiveCfg = Release|Any CPU
		{A26084A9-67DC-425C-BD89-1DADC973555B}.Release|Any CPU.Build.0 = Release|Any CPU
		{E25E3BFA-398D-4113-AF57-EEAFFC58A3BA}.Debug|Any CPU.ActiveCfg = Debug|Any CPU
		{E25E3BFA-398D-4113-AF57-EEAFFC58A3BA}.Debug|Any CPU.Build.0 = Debug|Any CPU
		{E25E3BFA-398D-4113-AF57-EEAFFC58A3BA}.Release|Any CPU.ActiveCfg = Release|Any CPU
		{E25E3BFA-398D-4113-AF57-EEAFFC58A3BA}.Release|Any CPU.Build.0 = Release|Any CPU
		{BDFEA8E0-79F9-4F86-9711-FC1D9DB97EDF}.Debug|Any CPU.ActiveCfg = Debug|Any CPU
		{BDFEA8E0-79F9-4F86-9711-FC1D9DB97EDF}.Debug|Any CPU.Build.0 = Debug|Any CPU
		{BDFEA8E0-79F9-4F86-9711-FC1D9DB97EDF}.Release|Any CPU.ActiveCfg = Release|Any CPU
		{BDFEA8E0-79F9-4F86-9711-FC1D9DB97EDF}.Release|Any CPU.Build.0 = Release|Any CPU
		{3395FE23-DB6A-440F-A0C8-CB5B39E63500}.Debug|Any CPU.ActiveCfg = Debug|Any CPU
		{3395FE23-DB6A-440F-A0C8-CB5B39E63500}.Debug|Any CPU.Build.0 = Debug|Any CPU
		{3395FE23-DB6A-440F-A0C8-CB5B39E63500}.Release|Any CPU.ActiveCfg = Release|Any CPU
		{3395FE23-DB6A-440F-A0C8-CB5B39E63500}.Release|Any CPU.Build.0 = Release|Any CPU
		{FDABE66D-5ABA-409A-9F9A-9657394C4862}.Debug|Any CPU.ActiveCfg = Debug|Any CPU
		{FDABE66D-5ABA-409A-9F9A-9657394C4862}.Debug|Any CPU.Build.0 = Debug|Any CPU
		{FDABE66D-5ABA-409A-9F9A-9657394C4862}.Release|Any CPU.ActiveCfg = Release|Any CPU
		{FDABE66D-5ABA-409A-9F9A-9657394C4862}.Release|Any CPU.Build.0 = Release|Any CPU
		{C70FEDAD-DC6C-4B04-9769-D79E7F3DD8F7}.Debug|Any CPU.ActiveCfg = Debug|Any CPU
		{C70FEDAD-DC6C-4B04-9769-D79E7F3DD8F7}.Debug|Any CPU.Build.0 = Debug|Any CPU
		{C70FEDAD-DC6C-4B04-9769-D79E7F3DD8F7}.Release|Any CPU.ActiveCfg = Release|Any CPU
		{C70FEDAD-DC6C-4B04-9769-D79E7F3DD8F7}.Release|Any CPU.Build.0 = Release|Any CPU
		{02912805-0750-4150-93F0-327302A9EFBF}.Debug|Any CPU.ActiveCfg = Debug|Any CPU
		{02912805-0750-4150-93F0-327302A9EFBF}.Debug|Any CPU.Build.0 = Debug|Any CPU
		{02912805-0750-4150-93F0-327302A9EFBF}.Release|Any CPU.ActiveCfg = Release|Any CPU
		{02912805-0750-4150-93F0-327302A9EFBF}.Release|Any CPU.Build.0 = Release|Any CPU
	EndGlobalSection
	GlobalSection(SolutionProperties) = preSolution
		HideSolutionNode = FALSE
	EndGlobalSection
EndGlobal
